<?xml version="1.0" encoding="UTF-8"?>
<Scheme
   LastUpgradeVersion = "1010"
   version = "1.3">
   <BuildAction
      parallelizeBuildables = "YES"
      buildImplicitDependencies = "YES">
      <BuildActionEntries>
         <BuildActionEntry
            buildForTesting = "YES"
            buildForRunning = "YES"
            buildForProfiling = "YES"
            buildForArchiving = "YES"
            buildForAnalyzing = "YES">
            <BuildableReference
               BuildableIdentifier = "primary"
               BlueprintIdentifier = "A5ED4E7922103C4D00CD70D3"
               BuildableName = "RxExampleStyle.framework"
               BlueprintName = "RxExampleStyle"
               ReferencedContainer = "container:RxSwiftBook3SampleCode.xcodeproj">
            </BuildableReference>
         </BuildActionEntry>
      </BuildActionEntries>
   </BuildAction>
   <TestAction
      buildConfiguration = "Debug"
      selectedDebuggerIdentifier = "Xcode.DebuggerFoundation.Debugger.LLDB"
      selectedLauncherIdentifier = "Xcode.DebuggerFoundation.Launcher.LLDB"
      shouldUseLaunchSchemeArgsEnv = "YES">
      <MacroExpansion>
         <BuildableReference
            BuildableIdentifier = "primary"
            BlueprintIdentifier = "A5ED4E7922103C4D00CD70D3"
            BuildableName = "RxExampleStyle.framework"
            BlueprintName = "RxExampleStyle"
            ReferencedContainer = "container:RxSwiftBook3SampleCode.xcodeproj">
         </BuildableReference>
      </MacroExpansion>
      <Testables>
         <TestableReference
            skipped = "NO">
            <BuildableReference
               BuildableIdentifier = "primary"
               BlueprintIdentifier = "A5ADB98722104E1D00E26A20"
               BuildableName = "RxExampleStyleTests.xctest"
               BlueprintName = "RxExampleStyleTests"
               ReferencedContainer = "container:RxSwiftBook3SampleCode.xcodeproj">
            </BuildableReference>
         </TestableReference>
         <TestableReference
            skipped = "NO">
            <BuildableReference
               BuildableIdentifier = "primary"
               BlueprintIdentifier = "A5ADB9A7221053AB00E26A20"
               BuildableName = "SergdortStyleTests.xctest"
               BlueprintName = "SergdortStyleTests"
               ReferencedContainer = "container:RxSwiftBook3SampleCode.xcodeproj">
            </BuildableReference>
         </TestableReference>
         <TestableReference
            skipped = "NO">
            <BuildableReference
               BuildableIdentifier = "primary"
               BlueprintIdentifier = "A5ADB9D52210571E00E26A20"
               BuildableName = "KickstarterStyleTests.xctest"
               BlueprintName = "KickstarterStyleTests"
               ReferencedContainer = "container:RxSwiftBook3SampleCode.xcodeproj">
            </BuildableReference>
         </TestableReference>
      </Testables>
   </TestAction>
   <LaunchAction
      buildConfiguration = "Debug"
      selectedDebuggerIdentifier = "Xcode.DebuggerFoundation.Debugger.LLDB"
      selectedLauncherIdentifier = "Xcode.DebuggerFoundation.Launcher.LLDB"
      launchStyle = "0"
      useCustomWorkingDirectory = "NO"
      ignoresPersistentStateOnLaunch = "NO"
      debugDocumentVersioning = "YES"
      debugServiceExtension = "internal"
      allowLocationSimulation = "YES">
      <MacroExpansion>
         <BuildableReference
            BuildableIdentifier = "primary"
            BlueprintIdentifier = "A5ED4E7922103C4D00CD70D3"
            BuildableName = "RxExampleStyle.framework"
            BlueprintName = "RxExampleStyle"
            ReferencedContainer = "container:RxSwiftBook3SampleCode.xcodeproj">
         </BuildableReference>
      </MacroExpansion>
   </LaunchAction>
   <ProfileAction
      buildConfiguration = "Release"
      shouldUseLaunchSchemeArgsEnv = "YES"
      savedToolIdentifier = ""
      useCustomWorkingDirectory = "NO"
      debugDocumentVersioning = "YES">
      <MacroExpansion>
         <BuildableReference
            BuildableIdentifier = "primary"
            BlueprintIdentifier = "A5ED4E7922103C4D00CD70D3"
            BuildableName = "RxExampleStyle.framework"
            BlueprintName = "RxExampleStyle"
            ReferencedContainer = "container:RxSwiftBook3SampleCode.xcodeproj">
         </BuildableReference>
      </MacroExpansion>
   </ProfileAction>
   <AnalyzeAction
      buildConfiguration = "Debug">
   </AnalyzeAction>
   <ArchiveAction
      buildConfiguration = "Release"
      revealArchiveInOrganizer = "YES">
   </ArchiveAction>
</Scheme>
